{
  "object": {
    "pins": [
      {
        "package": "StringsFileLib",
        "repositoryURL": "https://github.com/hectr/strings-file-lib",
        "state": {
          "branch": null,
          "revision": "fad17e2d89382b165ee027d22ef3a592d911436d",
          "version": "0.2.0"
        }
      },
      {
        "package": "Idioms",
        "repositoryURL": "https://github.com/hectr/swift-idioms.git",
        "state": {
          "branch": null,
          "revision": "44743f77b65800bccfa1edafefd98f140dcf36a5",
          "version": "1.8.0"
        }
      },
      {
        "package": "RegexMatcher",
        "repositoryURL": "https://github.com/hectr/swift-regex.git",
        "state": {
          "branch": null,
          "revision": "f2f8d47a9c00797af52eafded3ace7762d3ade70",
          "version": "1.1.0"
        }
      },
      {
        "package": "StreamReader",
        "repositoryURL": "https://github.com/hectr/swift-stream-reader.git",
        "state": {
          "branch": null,
          "revision": "f062434974faabb1ecdf895ecafbacffccc501ac",
          "version": "0.3.0"
        }
      }
    ]
  },
  "version": 1
}
